version = 1
revision = 3
requires-python = ">=3.12.5"

[[package]]
name = "guide"
version = "0.1.0"
source = { virtual = "." }
dependencies = [
    { name = "sonolus-py" },
]

[package.dev-dependencies]
dev = [
    { name = "ruff" },
]

[package.metadata]
requires-dist = [{ name = "sonolus-py", specifier = "==1.0.0" }]

[package.metadata.requires-dev]
dev = [{ name = "ruff", specifier = ">=0.12" }]

[[package]]
name = "ruff"
version = "0.16.3"
source = { registry = "https://pypi.org/simple" }
sdist = { url = "https://files.pythonhosted.org/packages/61/b3/3213589383f8f1b3938781bd1278713f6d18621a14992b3e81fefb8a5ef9/ruff-0.16.3.tar.gz", hash = "sha256:e76d33a347661a84b5be6d043d0347fdc745dfdcf825a8f4fed64b5e26eebdf2", size = 4891904, upload-time = "2026-08-13T15:17:13.381Z" }
wheels = [
    { url = "https://files.pythonhosted.org/packages/bf/96/493770daebd68c0a67f1549fdf519f53be51fc435186c0585bcc272fd76c/ruff-0.16.3-py3-none-linux_armv6l.whl", hash = "sha256:0c5710e247a58a4521e66e124ba9a74655b414f61ba3a2e9e3811e11098f48f7", size = 10902799, upload-time = "2026-08-13T15:16:27.382Z" },
    { url = "https://files.pythonhosted.org/packages/5e/e6/2becf3942fddc29a29b8df47691d456fb1085391a694f74d84513251418c/ruff-0.16.3-py3-none-macosx_10_12_x86_64.whl", hash = "sha256:fe155130631a2471fd2e14a7a664a4dfbd7194b8229c3d7b2a40b21178639081", size = 11135539, upload-time = "2026-08-13T15:16:30.87Z" },
    { url = "https://files.pythonhosted.org/packages/3e/1e/4b8b72f0d006dbf19326aa99f9ca0ee2ff374187c4d301cf529a51aa06fe/ruff-0.16.3-py3-none-macosx_11_0_arm64.whl", hash = "sha256:e2ed719e14aa64d895c2ee922594a90a43c861a93f0575a95ff8c47cdbd13eb9", size = 10475095, upload-time = "2026-08-13T15:16:33.259Z" },
    { url = "https://files.pythonhosted.org/packages/92/32/2201fa49ba1f6c101ee321e83f051ac7a4b8d07b0ef6b4d3f2772b302275/ruff-0.16.3-py3-none-manylinux_2_17_aarch64.manylinux2014_aarch64.whl", hash = "sha256:9e0b1da805eb043654645d74d5de1e5ce2edc686e40790d2b86f56d71cc06a84", size = 10668771, upload-time = "2026-08-13T15:16:35.65Z" },
    { url = "https://files.pythonhosted.org/packages/c3/66/4afc5c8363bd04d45effce1b7c8713ca037d7a6740b7451a2403a6e3a972/ruff-0.16.3-py3-none-manylinux_2_17_armv7l.manylinux2014_armv7l.whl", hash = "sha256:a37bdea0bbe21780f590bf437d6412c8c4e1b6cd010f91a65c2c40c5e5f5f870", size = 10699568, upload-time = "2026-08-13T15:16:38.195Z" },
    { url = "https://files.pythonhosted.org/packages/53/fd/c67d246bf36bf1698551c56de39e95cd07f70e64433e0098e6267d77061b/ruff-0.16.3-py3-none-manylinux_2_17_i686.manylinux2014_i686.whl", hash = "sha256:09571e6d1288ed9be475207a3ac04ada404f1cd898104be0f6ab8d7df438575b", size = 11499365, upload-time = "2026-08-13T15:16:40.623Z" },
    { url = "https://files.pythonhosted.org/packages/67/0b/00ecbceb99a263af7b12f6f05ac3c92bc47b905e91adc3f207a836e3bc01/ruff-0.16.3-py3-none-manylinux_2_17_ppc64le.manylinux2014_ppc64le.whl", hash = "sha256:2c18c5a101eb540010638cc1ff3c84944d3adb3df62b8d98ca8f22ba484d3413", size = 12311728, upload-time = "2026-08-13T15:16:43.564Z" },
    { url = "https://files.pythonhosted.org/packages/54/b2/b7b3bb54f4d3f7db504e476ad4ab8de530dceebe2c061384b2757ee419e8/ruff-0.16.3-py3-none-manylinux_2_17_s390x.manylinux2014_s390x.whl", hash = "sha256:8457c44f15033c85ddbb77b15d451df9e24e4bd03b628396dd3610cedc3b8f82", size = 11699896, upload-time = "2026-08-13T15:16:46.209Z" },
    { url = "https://files.pythonhosted.org/packages/c7/30/4c468429ac195addc5ee1b717b6ab1b66632786737ca3b2ed3443fb0c26a/ruff-0.16.3-py3-none-manylinux_2_17_x86_64.manylinux2014_x86_64.whl", hash = "sha256:294b95c4ae0cda9388525c2047778aa758d6b8d4bb876fd4e9eaa3ebc92343eb", size = 11058736, upload-time = "2026-08-13T15:16:48.823Z" },
    { url = "https://files.pythonhosted.org/packages/43/67/7a113cdaddf24b64d7f75b1242a99d04c82fcef4f6921fdbb832beaffb5f/ruff-0.16.3-py3-none-manylinux_2_31_riscv64.whl", hash = "sha256:3d0c7c40c87c2a820509c31ba007968da6e1306468c067b2d82fbfdbcd0e8474", size = 11586911, upload-time = "2026-08-13T15:16:51.913Z" },
    { url = "https://files.pythonhosted.org/packages/f1/c1/2e66f24c0f3ead25a5e660111778685e505e5da353c82802bf49f0cbe7b9/ruff-0.16.3-py3-none-musllinux_1_2_aarch64.whl", hash = "sha256:9f738c0fdfa8eed0b2ce7fb27ee7258208a92a68d7949e62aa15164bc7b389da", size = 10954265, upload-time = "2026-08-13T15:16:54.763Z" },
    { url = "https://files.pythonhosted.org/packages/c2/ba/4cee23bf52cba9a058d3726de623624daf50ef9638868edd86f4126157f6/ruff-0.16.3-py3-none-musllinux_1_2_armv7l.whl", hash = "sha256:fb785f0be25abe69d320415cd4f833b59e17ba7613d9ba6a958023b6bceb0a50", size = 10709886, upload-time = "2026-08-13T15:16:57.339Z" },
    { url = "https://files.pythonhosted.org/packages/82/df/7da7194fa5d9dc0a285f7e6fa5a4722e7c63faac0b45b614ded9314363a1/ruff-0.16.3-py3-none-musllinux_1_2_i686.whl", hash = "sha256:c5536e3acfbf9563085aa2be7b13c629c3077e902afc5b941ac44024dbb9f506", size = 11210392, upload-time = "2026-08-13T15:17:00.171Z" },
    { url = "https://files.pythonhosted.org/packages/35/85/7795f6e817af050e7517bf3e7aa9b061cce70ef33d280aad902c956c1ecf/ruff-0.16.3-py3-none-musllinux_1_2_x86_64.whl", hash = "sha256:a2d85c02f9b8e165d85e6779184d38c4132de12603dab59c51c28e22584f9e4d", size = 11626910, upload-time = "2026-08-13T15:17:03.299Z" },
    { url = "https://files.pythonhosted.org/packages/78/9b/475b927cf27a5cbbda3c7bafb69ed6ff77e1d7923d5d85f17c2749d7ae32/ruff-0.16.3-py3-none-win32.whl", hash = "sha256:388cdf2166642bd9b13d52b5932d3170f34f8abed7e8d9a855f1d84b83645a0a", size = 10931415, upload-time = "2026-08-13T15:17:05.726Z" },
    { url = "https://files.pythonhosted.org/packages/b2/99/e2a2bfc4fbf0a1e8a916bc9ebe6fe6c58cc34c28e0ffc6ce281d572d1c2e/ruff-0.16.3-py3-none-win_amd64.whl", hash = "sha256:e80a7d69ca2a6d1c4d352ec91458cdca6e56c83cdbcabd93e4abe1e53591d948", size = 11445993, upload-time = "2026-08-13T15:17:08.353Z" },
    { url = "https://files.pythonhosted.org/packages/69/3e/4132e539aed78c148854d4997a2685b0ed4dc4e87110b59ce528564e184e/ruff-0.16.3-py3-none-win_arm64.whl", hash = "sha256:b8ca152da82c1acc1fa8d5874b15951935f0eef46f10e6954c83859011b6178a", size = 11399302, upload-time = "2026-08-13T15:17:10.908Z" },
]

[[package]]
name = "sonolus-py"
version = "1.0.0"
source = { registry = "https://pypi.org/simple" }
sdist = { url = "https://files.pythonhosted.org/packages/50/8b/f7fc29754e5d4ca480535ac61b9640e9ea57fcbdd1eb3cc2b34fd11af4ae/sonolus_py-1.0.0.tar.gz", hash = "sha256:bf8623a97d1c6051a4599170964f130bf6410826f9b72d4754078fe5d64dbc68", size = 344071, upload-time = "2026-08-18T06:08:22.184Z" }
wheels = [
    { url = "https://files.pythonhosted.org/packages/66/d1/dc10b18bfc4be2a105772ab3ba6e36c841b6b54a24a868e606ca9944399e/sonolus_py-1.0.0-cp312-cp312-macosx_11_0_arm64.whl", hash = "sha256:6c8cb3639cb8f77053fa8777126d310c775b84b11b68f82f3339d336c6b718ce", size = 936966, upload-time = "2026-08-18T06:07:40.638Z" },
    { url = "https://files.pythonhosted.org/packages/ed/37/41825d1f44352675702dc7b78dee79f8d68f1aae4e4533579748b57c1fc5/sonolus_py-1.0.0-cp312-cp312-manylinux2014_aarch64.manylinux_2_17_aarch64.manylinux_2_28_aarch64.whl", hash = "sha256:47353b55accb13e58308e5d91d89480518214b37862cba5d596cdc1177bb197c", size = 4890092, upload-time = "2026-08-18T06:07:42.765Z" },
    { url = "https://files.pythonhosted.org/packages/41/20/a68b40443d94e8c5ef2e021559bcf856b97bf37e15fba181f15719551465/sonolus_py-1.0.0-cp312-cp312-manylinux2014_x86_64.manylinux_2_17_x86_64.manylinux_2_28_x86_64.whl", hash = "sha256:fc6121cad699a3a7cbd60659eae4042aa47c748f643904933284715c6f192105", size = 5002708, upload-time = "2026-08-18T06:07:44.808Z" },
    { url = "https://files.pythonhosted.org/packages/c4/c9/962793ab7d15cf7fd318c265aad9a10259436ef7d433d38f26a814306634/sonolus_py-1.0.0-cp312-cp312-musllinux_1_2_aarch64.whl", hash = "sha256:f8f5c6d353f8ccb3181dc517ae42edd919e23a93999bb49d2d35b5ce4703e008", size = 4859906, upload-time = "2026-08-18T06:07:47.231Z" },
    { url = "https://files.pythonhosted.org/packages/ff/53/b8a03b24fddb8288b1f41f8c0c3b04fd6581cfce501551de2c7a4d95bbc4/sonolus_py-1.0.0-cp312-cp312-musllinux_1_2_x86_64.whl", hash = "sha256:9df5405f93503f1cfd8cda349ea12c338c9ffee27453b2dcbc08f3a5135e3c06", size = 4985910, upload-time = "2026-08-18T06:07:49.343Z" },
    { url = "https://files.pythonhosted.org/packages/1c/a4/9fa904a9d7dc6666f104b786bbc863e29c4aaac5a62e29df3e2b6b0b08c4/sonolus_py-1.0.0-cp312-cp312-win_amd64.whl", hash = "sha256:7bfa16684dcf3404b3ad58bdad27a88cfcdd596b74dfb2de9b0ccda3c42cfda4", size = 851422, upload-time = "2026-08-18T06:07:51.213Z" },
    { url = "https://files.pythonhosted.org/packages/2c/0b/183b19d7c13e87b13eadaf26e45a4da5967966668942951fdd13ff8ab6d2/sonolus_py-1.0.0-cp312-cp312-win_arm64.whl", hash = "sha256:d6efb7d0c8da6713169df73602a0948b482db180ed5bae223e46931576500050", size = 762717, upload-time = "2026-08-18T06:07:52.74Z" },
    { url = "https://files.pythonhosted.org/packages/d4/35/0f7f17bfb8304d1d3b56b14f6556f01e7d5e24bf9b804cc733b6ab304990/sonolus_py-1.0.0-cp313-cp313-macosx_11_0_arm64.whl", hash = "sha256:60433dd681a4aaa7fdb23cb82041a2e41c300f8fc4dd8525bfd3ecc34dc0e8c6", size = 933321, upload-time = "2026-08-18T06:07:54.51Z" },
    { url = "https://files.pythonhosted.org/packages/50/92/8e5c34272c0b771fe1ed91df1528a943d5bd6ba5667c771e09198ed88a03/sonolus_py-1.0.0-cp313-cp313-manylinux2014_aarch64.manylinux_2_17_aarch64.manylinux_2_28_aarch64.whl", hash = "sha256:438e3dac90f61e02f8feb0fe96a9d786aff7e50eb57028e596f725acb2198b6f", size = 4834359, upload-time = "2026-08-18T06:07:56.638Z" },
    { url = "https://files.pythonhosted.org/packages/92/ac/53fae4dfb438067c212d0e1ca717a06ad2b52df8505430469b578cd3920a/sonolus_py-1.0.0-cp313-cp313-manylinux2014_x86_64.manylinux_2_17_x86_64.manylinux_2_28_x86_64.whl", hash = "sha256:973202a1e719bc5da3f27a856c0a7f4e2854e27e2ed674b5160898c4ed157f27", size = 4950099, upload-time = "2026-08-18T06:07:59.086Z" },
    { url = "https://files.pythonhosted.org/packages/6e/62/c43daec6e3ec0213c7c7180c8417de662c059edd56758d62f07ff0f6a7d6/sonolus_py-1.0.0-cp313-cp313-musllinux_1_2_aarch64.whl", hash = "sha256:869e186d308bec5de8766dac095c0e464b011fc58452438eb5f7a19e46000a29", size = 4814701, upload-time = "2026-08-18T06:08:01.46Z" },
    { url = "https://files.pythonhosted.org/packages/44/f1/d843c5f1a01cf7e97efbd2d3b9bb1beed7d20a9eb1027119d5a962d0fb2c/sonolus_py-1.0.0-cp313-cp313-musllinux_1_2_x86_64.whl", hash = "sha256:9127ef620aaa60a0d1d7145e4def4f0330cd747e47ba7d5d2355ff99d9538d4e", size = 4929836, upload-time = "2026-08-18T06:08:03.53Z" },
    { url = "https://files.pythonhosted.org/packages/3f/61/3776a907ac6ad4a4c0ea2e6527d5e880b7f9ee092065d0d069b45cf5eaea/sonolus_py-1.0.0-cp313-cp313-win_amd64.whl", hash = "sha256:889b0c4500255d56f6aa61f184e597e8f5f3ede0edb22f347a6d897ec50e0626", size = 846594, upload-time = "2026-08-18T06:08:05.349Z" },
    { url = "https://files.pythonhosted.org/packages/72/35/a12a3181b730165771f690c2f3a7624863b0767ab8a6bdc6c8b0f436d948/sonolus_py-1.0.0-cp313-cp313-win_arm64.whl", hash = "sha256:d2dd111267ac0cf1711c5148a9afdab85f5ccc9bd6bba9c0ff5d0a11017b2738", size = 759229, upload-time = "2026-08-18T06:08:07.11Z" },
    { url = "https://files.pythonhosted.org/packages/8e/85/f7175e5f73a814a0f0d31f9814dae32648514a2bdd4b8791334f010344f0/sonolus_py-1.0.0-cp314-cp314-macosx_11_0_arm64.whl", hash = "sha256:622866be8075d3de768ff23187e7ffbd2bb1b6fc166c78d219ccd4d54508a343", size = 939087, upload-time = "2026-08-18T06:08:09.027Z" },
    { url = "https://files.pythonhosted.org/packages/ca/ac/4b6d871c782cc0034fee6ce2264aa3b2a5fa4c07686d8536c423ec16ad02/sonolus_py-1.0.0-cp314-cp314-manylinux2014_aarch64.manylinux_2_17_aarch64.manylinux_2_28_aarch64.whl", hash = "sha256:1b8c61d61ac95bb84d1089d4a6f77627bc6ec8bacce9b033c3479a2cb2d0368e", size = 4841614, upload-time = "2026-08-18T06:08:10.811Z" },
    { url = "https://files.pythonhosted.org/packages/4c/fc/f843c271fcc15f0e5d456630ed25d1663cd690d23f5b61870e0c099483de/sonolus_py-1.0.0-cp314-cp314-manylinux2014_x86_64.manylinux_2_17_x86_64.manylinux_2_28_x86_64.whl", hash = "sha256:88c371978ad6fd18bf268e19a1bb88a8eb5bd3363fb6388b6ced14415ce2267f", size = 4907895, upload-time = "2026-08-18T06:08:12.995Z" },
    { url = "https://files.pythonhosted.org/packages/5f/cd/60d9bebfc4f866358b33742b2741b837a775bdfcb7e14d24fcb7dbf23469/sonolus_py-1.0.0-cp314-cp314-musllinux_1_2_aarch64.whl", hash = "sha256:a81832d7a7e9ad78736932db526464817bd1484bac99a25f1633121c75b55eef", size = 4828865, upload-time = "2026-08-18T06:08:15.089Z" },
    { url = "https://files.pythonhosted.org/packages/d7/66/7bbd9c52467ffbb102df1a03703323dd6a3cd081d1c5d91bf31b7b814842/sonolus_py-1.0.0-cp314-cp314-musllinux_1_2_x86_64.whl", hash = "sha256:1403af68b149b45bc460df091f4fcb3e586330c8ca68a19ddd0e83db9b03e19a", size = 4896210, upload-time = "2026-08-18T06:08:17.053Z" },
    { url = "https://files.pythonhosted.org/packages/d2/94/0f85a68513052350ce9b6b4a2e8a7bac62498b77c428a3a7590ec9066805/sonolus_py-1.0.0-cp314-cp314-win_amd64.whl", hash = "sha256:619d4e09019f71057e908835c05e0dacf0b6cf0a9c704830dd4b75d32feacad7", size = 863590, upload-time = "2026-08-18T06:08:18.781Z" },
    { url = "https://files.pythonhosted.org/packages/38/11/bfe2120d08673eff394392bdca5842f3bd24cbb5ae941d11af8231049cfc/sonolus_py-1.0.0-cp314-cp314-win_arm64.whl", hash = "sha256:05948787bfd7dda456049cc881d3b14e3dfae29b4613400a34f88935e3e90c56", size = 780281, upload-time = "2026-08-18T06:08:20.531Z" },
]
